
Microsoft Visual Studio Solution File, Format Version 12.00
# Visual Studio Version 16
VisualStudioVersion = 16.0.31129.286
MinimumVisualStudioVersion = 10.0.40219.1
Project("{FAE04EC0-301F-11D3-BF4B-00C04F79EFBC}") = "CVDTestApplication", "CVDTestApplication\CVDTestApplication.csproj", "{24B1FFF2-76D1-49CF-BD3D-F6C05DA784FC}"
EndProject
Global
	GlobalSection(SolutionConfigurationPlatforms) = preSolution
		Debug|Any CPU = Debug|Any CPU
		Release|Any CPU = Release|Any CPU
	EndGlobalSection
	GlobalSection(ProjectConfigurationPlatforms) = postSolution
		{24B1FFF2-76D1-49CF-BD3D-F6C05DA784FC}.Debug|Any CPU.ActiveCfg = Debug|Any CPU
		{24B1FFF2-76D1-49CF-BD3D-F6C05DA784FC}.Debug|Any CPU.Build.0 = Debug|Any CPU
		{24B1FFF2-76D1-49CF-BD3D-F6C05DA784FC}.Release|Any CPU.ActiveCfg = Release|Any CPU
		{24B1FFF2-76D1-49CF-BD3D-F6C05DA784FC}.Release|Any CPU.Build.0 = Release|Any CPU
	EndGlobalSection
	GlobalSection(SolutionProperties) = preSolution
		HideSolutionNode = FALSE
	EndGlobalSection
	GlobalSection(ExtensibilityGlobals) = postSolution
		SolutionGuid = {DDC05885-95EA-43AA-B80F-1100C3EDF6B4}
	EndGlobalSection
EndGlobal
